version = 1
revision = 3
requires-python = "==3.12.*"
resolution-markers = [
    "sys_platform != 'emscripten'",
    "sys_platform == 'emscripten'",
]

[[package]]
name = "anyio"
version = "4.14.2"
source = { registry = "https://pypi.org/simple" }
dependencies = [
    { name = "idna" },
    { name = "typing-extensions" },
]
sdist = { url = "https://files.pythonhosted.org/packages/61/cc/a381afa6efea9f496eff839d4a6a1aed3bfafc7b3ab4b0d1b243a12573dd/anyio-4.14.2.tar.gz", hash = "sha256:cfa139f3ed1a23ee8f88a145ddb5ac7605b8bbfd8592baacd7ce3d8bb4313c7f", size = 260176, upload-time = "2026-07-12T20:29:07.082Z" }
wheels = [
    { url = "https://files.pythonhosted.org/packages/da/35/f2287558c17e29fafc8ef3daf819bb9834061cfa43bff8014f7df7f63bdc/anyio-4.14.2-py3-none-any.whl", hash = "sha256:9f505dda5ac9f0c8309b5e8bd445a8c2bf7246f3ce950121e45ea15bc41d1494", size = 125813, upload-time = "2026-07-12T20:29:05.763Z" },
]

[[package]]
name = "appdirs"
version = "1.4.4"
source = { registry = "https://pypi.org/simple" }
sdist = { url = "https://files.pythonhosted.org/packages/d7/d8/05696357e0311f5b5c316d7b95f46c669dd9c15aaeecbb48c7d0aeb88c40/appdirs-1.4.4.tar.gz", hash = "sha256:7d5d0167b2b1ba821647616af46a749d1c653740dd0d2415100fe26e27afdf41", size = 13470, upload-time = "2020-05-11T07:59:51.037Z" }
wheels = [
    { url = "https://files.pythonhosted.org/packages/3b/00/2344469e2084fb287c2e0b57b72910309874c3245463acd6cf5e3db69324/appdirs-1.4.4-py2.py3-none-any.whl", hash = "sha256:a841dacd6b99318a741b166adb07e19ee71a274450e68237b4650ca1055ab128", size = 9566, upload-time = "2020-05-11T07:59:49.499Z" },
]

[[package]]
name = "asgiref"
version = "3.12.1"
source = { registry = "https://pypi.org/simple" }
sdist = { url = "https://files.pythonhosted.org/packages/e6/26/3b59f2bdae5f640389becb1f673cded775287f5fc4f816309d9ca9a3f93d/asgiref-3.12.1.tar.gz", hash = "sha256:59dcb51c272ad209d59bed5708a64a333083e86017d7fcdd67498eeab7784340", size = 42378, upload-time = "2026-07-14T09:56:18.087Z" }
wheels = [
    { url = "https://files.pythonhosted.org/packages/c0/1b/54f4ad77cd8a584fa70746c47df988e002cf1ee1eba43364d46f87803647/asgiref-3.12.1-py3-none-any.whl", hash = "sha256:fe386d1c2bff7259ea95929266d12a8cf9a8b5a1c2598402967d8792e7a7c094", size = 25478, upload-time = "2026-07-14T09:56:16.926Z" },
]

[[package]]
name = "click"
version = "8.4.2"
source = { registry = "https://pypi.org/simple" }
dependencies = [
    { name = "colorama", marker = "sys_platform == 'win32'" },
]
sdist = { url = "https://files.pythonhosted.org/packages/76/d4/81420972a676e8ffea40450d8c8c92943e7218a78fe9b64359836cc9876b/click-8.4.2.tar.gz", hash = "sha256:9a6cea6e60b17ebe0a44c5cc636d94f09bd66142c1cd7d8b4cd731c4917a15f6", size = 338000, upload-time = "2026-06-24T17:45:15.148Z" }
wheels = [
    { url = "https://files.pythonhosted.org/packages/fb/e2/79c688af8b210d232694e31e59da9f6ec747bae31c3f5946e4e9b98860d5/click-8.4.2-py3-none-any.whl", hash = "sha256:e6f9f66136c816745b9d65817da91d61d957fb16e02e4dcd0552553c5a197b76", size = 119243, upload-time = "2026-06-24T17:45:13.73Z" },
]

[[package]]
name = "colorama"
version = "0.4.6"
source = { registry = "https://pypi.org/simple" }
sdist = { url = "https://files.pythonhosted.org/packages/d8/53/6f443c9a4a8358a93a6792e2acffb9d9d5cb0a5cfd8802644b7b1c9a02e4/colorama-0.4.6.tar.gz", hash = "sha256:08695f5cb7ed6e0531a20572697297273c47b8cae5a63ffc6d6ed5c201be6e44", size = 27697, upload-time = "2022-10-25T02:36:22.414Z" }
wheels = [
    { url = "https://files.pythonhosted.org/packages/d1/d6/3965ed04c63042e047cb6a3e6ed1a63a35087b6a609aa3a15ed8ac56c221/colorama-0.4.6-py2.py3-none-any.whl", hash = "sha256:4f1d9991f5acc0ca119f9d443620b77f9d6b33703e51011c16baf57afb285fc6", size = 25335, upload-time = "2022-10-25T02:36:20.889Z" },
]

[[package]]
name = "h11"
version = "0.16.0"
source = { registry = "https://pypi.org/simple" }
sdist = { url = "https://files.pythonhosted.org/packages/01/ee/02a2c011bdab74c6fb3c75474d40b3052059d95df7e73351460c8588d963/h11-0.16.0.tar.gz", hash = "sha256:4e35b956cf45792e4caa5885e69fba00bdbc6ffafbfa020300e549b208ee5ff1", size = 101250, upload-time = "2025-04-24T03:35:25.427Z" }
wheels = [
    { url = "https://files.pythonhosted.org/packages/04/4b/29cac41a4d98d144bf5f6d33995617b185d14b22401f75ca86f384e87ff1/h11-0.16.0-py3-none-any.whl", hash = "sha256:63cf8bbe7522de3bf65932fda1d9c2772064ffb3dae62d55932da54b31cb6c86", size = 37515, upload-time = "2025-04-24T03:35:24.344Z" },
]

[[package]]
name = "htmltools"
version = "0.7.0"
source = { registry = "https://pypi.org/simple" }
dependencies = [
    { name = "packaging" },
    { name = "typing-extensions" },
]
sdist = { url = "https://files.pythonhosted.org/packages/a4/54/e1a0ea0b8db8460fdedf584b4136a5b9e7f9d7072ee008f825f29b103660/htmltools-0.7.0.tar.gz", hash = "sha256:b95f922b7038f1b935ce24691ae74cb1ab9526d9c9cf1c2e2f329c38ef227a10", size = 105807, upload-time = "2026-05-21T15:02:33.357Z" }
wheels = [
    { url = "https://files.pythonhosted.org/packages/2f/b2/bd9bfa6d77641bd3be57c7cd6ce10294d26db20cb9aedf19ac5d78845886/htmltools-0.7.0-py3-none-any.whl", hash = "sha256:92e5d06aeadb56e0ff63b236971bc58bb9cf6058c7235e3af57868e7bf113e1b", size = 89598, upload-time = "2026-05-21T15:02:32.171Z" },
]

[[package]]
name = "idna"
version = "3.18"
source = { registry = "https://pypi.org/simple" }
sdist = { url = "https://files.pythonhosted.org/packages/cd/63/9496c57188a2ee585e0f1db071d75089a11e98aa86eb99d9d7618fc1edce/idna-3.18.tar.gz", hash = "sha256:ffb385a7e039654cef1ab9ef32c6fafe283c0c0467bba1d9029738ce4a14a848", size = 196711, upload-time = "2026-06-02T14:34:07.794Z" }
wheels = [
    { url = "https://files.pythonhosted.org/packages/1e/5e/d4e9f1a599fb8e573b7b87160658329fbf28d19eac2718f51fc3def3aa5a/idna-3.18-py3-none-any.whl", hash = "sha256:7f952cbe720b688055e3f87de14f5c3e5fdaa8bc3928985c4077ca689de849a2", size = 65455, upload-time = "2026-06-02T14:34:06.319Z" },
]

[[package]]
name = "linkify-it-py"
version = "2.1.0"
source = { registry = "https://pypi.org/simple" }
dependencies = [
    { name = "uc-micro-py" },
]
sdist = { url = "https://files.pythonhosted.org/packages/2e/c9/06ea13676ef354f0af6169587ae292d3e2406e212876a413bf9eece4eb23/linkify_it_py-2.1.0.tar.gz", hash = "sha256:43360231720999c10e9328dc3691160e27a718e280673d444c38d7d3aaa3b98b", size = 29158, upload-time = "2026-03-01T07:48:47.683Z" }
wheels = [
    { url = "https://files.pythonhosted.org/packages/b4/de/88b3be5c31b22333b3ca2f6ff1de4e863d8fe45aaea7485f591970ec1d3e/linkify_it_py-2.1.0-py3-none-any.whl", hash = "sha256:0d252c1594ecba2ecedc444053db5d3a9b7ec1b0dd929c8f1d74dce89f86c05e", size = 19878, upload-time = "2026-03-01T07:48:46.098Z" },
]

[[package]]
name = "markdown-it-py"
version = "4.2.0"
source = { registry = "https://pypi.org/simple" }
dependencies = [
    { name = "mdurl" },
]
sdist = { url = "https://files.pythonhosted.org/packages/06/ff/7841249c247aa650a76b9ee4bbaeae59370dc8bfd2f6c01f3630c35eb134/markdown_it_py-4.2.0.tar.gz", hash = "sha256:04a21681d6fbb623de53f6f364d352309d4094dd4194040a10fd51833e418d49", size = 82454, upload-time = "2026-05-07T12:08:28.36Z" }
wheels = [
    { url = "https://files.pythonhosted.org/packages/b3/81/4da04ced5a082363ecfa159c010d200ecbd959ae410c10c0264a38cac0f5/markdown_it_py-4.2.0-py3-none-any.whl", hash = "sha256:9f7ebbcd14fe59494226453aed97c1070d83f8d24b6fc3a3bcf9a38092641c4a", size = 91687, upload-time = "2026-05-07T12:08:27.182Z" },
]

[[package]]
name = "mdit-py-plugins"
version = "0.6.1"
source = { registry = "https://pypi.org/simple" }
dependencies = [
    { name = "markdown-it-py" },
]
sdist = { url = "https://files.pythonhosted.org/packages/59/fc/f8d0863f8862f25602c0404d75568e89fb6b4109804645e5cdfb1be5cf56/mdit_py_plugins-0.6.1.tar.gz", hash = "sha256:a2bca0f039f39dbd35fb74ae1b5f998608c437463371f0ff7f49a19a17a114d0", size = 56114, upload-time = "2026-05-13T09:03:38.91Z" }
wheels = [
    { url = "https://files.pythonhosted.org/packages/a5/69/6da5581c6a7fede7dc261bf4e67d6adca4196f176b43288b55b3db395b6e/mdit_py_plugins-0.6.1-py3-none-any.whl", hash = "sha256:214c82fb2ac524472ab6a5bcab1de80f73b50443e187f401bfd77efbc7c6481d", size = 66663, upload-time = "2026-05-13T09:03:37.76Z" },
]

[[package]]
name = "mdurl"
version = "0.1.2"
source = { registry = "https://pypi.org/simple" }
sdist = { url = "https://files.pythonhosted.org/packages/d6/54/cfe61301667036ec958cb99bd3efefba235e65cdeb9c84d24a8293ba1d90/mdurl-0.1.2.tar.gz", hash = "sha256:bb413d29f5eea38f31dd4754dd7377d4465116fb207585f97bf925588687c1ba", size = 8729, upload-time = "2022-08-14T12:40:10.846Z" }
wheels = [
    { url = "https://files.pythonhosted.org/packages/b3/38/89ba8ad64ae25be8de66a6d463314cf1eb366222074cfda9ee839c56a4b4/mdurl-0.1.2-py3-none-any.whl", hash = "sha256:84008a41e51615a49fc9966191ff91509e3c40b939176e643fd50a5c2196b8f8", size = 9979, upload-time = "2022-08-14T12:40:09.779Z" },
]

[[package]]
name = "packaging"
version = "26.2"
source = { registry = "https://pypi.org/simple" }
sdist = { url = "https://files.pythonhosted.org/packages/d7/f1/e7a6dd94a8d4a5626c03e4e99c87f241ba9e350cd9e6d75123f992427270/packaging-26.2.tar.gz", hash = "sha256:ff452ff5a3e828ce110190feff1178bb1f2ea2281fa2075aadb987c2fb221661", size = 228134, upload-time = "2026-04-24T20:15:23.917Z" }
wheels = [
    { url = "https://files.pythonhosted.org/packages/df/b2/87e62e8c3e2f4b32e5fe99e0b86d576da1312593b39f47d8ceef365e95ed/packaging-26.2-py3-none-any.whl", hash = "sha256:5fc45236b9446107ff2415ce77c807cee2862cb6fac22b8a73826d0693b0980e", size = 100195, upload-time = "2026-04-24T20:15:22.081Z" },
]

[[package]]
name = "prompt-toolkit"
version = "3.0.53"
source = { registry = "https://pypi.org/simple" }
dependencies = [
    { name = "wcwidth", marker = "sys_platform != 'emscripten'" },
]
sdist = { url = "https://files.pythonhosted.org/packages/7d/ea/39b988c938f75cb75d7045b5c69f8bfed47ee2152c8837fb403de29d6fb8/prompt_toolkit-3.0.53.tar.gz", hash = "sha256:9ec8a0ad96d5c56148b3f914aa79c1564c3fde5d2e6b876e7bc327e353cf8fa6", size = 435492, upload-time = "2026-07-26T20:56:14.758Z" }
wheels = [
    { url = "https://files.pythonhosted.org/packages/54/6f/84908cad2d6aa5144abcf7b42709fe4fdb459bc640ec7ac5786e7693dabc/prompt_toolkit-3.0.53-py3-none-any.whl", hash = "sha256:01c0891d7f9237d5e339f7d3e42cdae80b7534abb1c7c0e3352efba6231492f2", size = 392288, upload-time = "2026-07-26T20:56:12.512Z" },
]

[[package]]
name = "python-multipart"
version = "0.0.32"
source = { registry = "https://pypi.org/simple" }
sdist = { url = "https://files.pythonhosted.org/packages/5b/42/55c32bb9b12693c092ad250a0e82edb5b31ddeda6eb772de5f308b3804ad/python_multipart-0.0.32.tar.gz", hash = "sha256:be54b7f3fa167bb83e4fcd936b887b708f4e57fe75911c02aebf53efaf8d938e", size = 46881, upload-time = "2026-06-04T16:18:58.647Z" }
wheels = [
    { url = "https://files.pythonhosted.org/packages/e1/04/e8135ebd1ad02c56ec633277529b2602ff99ff634be76cdba5744cf554fd/python_multipart-0.0.32-py3-none-any.whl", hash = "sha256:ff6d3f776f16878c894e52e107296ffc890e913c611b1a4ec6c44e2821fe2e23", size = 30042, upload-time = "2026-06-04T16:18:57.319Z" },
]

[[package]]
name = "questionary"
version = "2.1.1"
source = { registry = "https://pypi.org/simple" }
dependencies = [
    { name = "prompt-toolkit", marker = "sys_platform != 'emscripten'" },
]
sdist = { url = "https://files.pythonhosted.org/packages/f6/45/eafb0bba0f9988f6a2520f9ca2df2c82ddfa8d67c95d6625452e97b204a5/questionary-2.1.1.tar.gz", hash = "sha256:3d7e980292bb0107abaa79c68dd3eee3c561b83a0f89ae482860b181c8bd412d", size = 25845, upload-time = "2025-08-28T19:00:20.851Z" }
wheels = [
    { url = "https://files.pythonhosted.org/packages/3c/26/1062c7ec1b053db9e499b4d2d5bc231743201b74051c973dadeac80a8f43/questionary-2.1.1-py3-none-any.whl", hash = "sha256:a51af13f345f1cdea62347589fbb6df3b290306ab8930713bfae4d475a7d4a59", size = 36753, upload-time = "2025-08-28T19:00:19.56Z" },
]

[[package]]
name = "setuptools"
version = "83.0.0"
source = { registry = "https://pypi.org/simple" }
sdist = { url = "https://files.pythonhosted.org/packages/34/26/f5d29e25ffdb535afef2d35cdb55b325298f96debd670da4c325e08d70f4/setuptools-83.0.0.tar.gz", hash = "sha256:025bccbbf0fa05b6192bc64ae1e7b16e001fd6d6d4d5de03c97b1c1ade523bef", size = 1154254, upload-time = "2026-07-04T15:31:22.699Z" }
wheels = [
    { url = "https://files.pythonhosted.org/packages/5d/40/e1e72872c6354b306daef1703549e8e83b4d43cfea356311bf722a043752/setuptools-83.0.0-py3-none-any.whl", hash = "sha256:29b23c360f22f414dc7336bb39178cc7bcbf6021ed2733cde173f09dba19abb3", size = 1008090, upload-time = "2026-07-04T15:31:20.885Z" },
]

[[package]]
name = "shiny"
version = "1.1.0"
source = { registry = "https://pypi.org/simple" }
dependencies = [
    { name = "appdirs" },
    { name = "asgiref" },
    { name = "click", marker = "sys_platform != 'emscripten'" },
    { name = "htmltools" },
    { name = "linkify-it-py" },
    { name = "markdown-it-py" },
    { name = "mdit-py-plugins" },
    { name = "packaging" },
    { name = "prompt-toolkit", marker = "sys_platform != 'emscripten'" },
    { name = "python-multipart" },
    { name = "questionary", marker = "sys_platform != 'emscripten'" },
    { name = "setuptools" },
    { name = "starlette" },
    { name = "typing-extensions" },
    { name = "uvicorn", marker = "sys_platform != 'emscripten'" },
    { name = "watchfiles", marker = "sys_platform != 'emscripten'" },
    { name = "websockets" },
]
sdist = { url = "https://files.pythonhosted.org/packages/05/5e/1cf0d9468b393a7745994cd600eaf21ad26a91da18f4ec01cc65195cf3b2/shiny-1.1.0.tar.gz", hash = "sha256:7a82338e72486e488c67b7a6230303648ae8ea14c656520f33fc44355a477a59", size = 5069195, upload-time = "2024-09-03T19:25:57.33Z" }
wheels = [
    { url = "https://files.pythonhosted.org/packages/80/86/23d7367068892af17086ac9d3e8fe04bef641f2ea09d4a93974836501b3e/shiny-1.1.0-py3-none-any.whl", hash = "sha256:dd747a390c91f8335be2dc2188c5a27d23f144287b55ccc1f127357da1eee83e", size = 4290377, upload-time = "2024-09-03T19:25:55.406Z" },
]

[[package]]
name = "shiny-sortable"
version = "0.1.4"
source = { registry = "https://pypi.org/simple" }
dependencies = [
    { name = "htmltools" },
    { name = "shiny" },
]
sdist = { url = "https://files.pythonhosted.org/packages/36/01/21b84566ee8952d155f3b7c2ae8837107fe76de184b87206e68867e1d025/shiny_sortable-0.1.4.tar.gz", hash = "sha256:db34cb6e7c118c817d79a07a526586a4cb07b905c1b0c2d358d4ea994a7ef30b", size = 4926, upload-time = "2024-10-28T21:00:50.514Z" }
wheels = [
    { url = "https://files.pythonhosted.org/packages/5f/d5/3e09ffbd21569b23a6b670fe23ed274dd64a90297fd3cd22caa6252ebb53/shiny_sortable-0.1.4-py3-none-any.whl", hash = "sha256:21f4a6eb51d27bd849c3bd643506ff21542be35a145c2959f7b39104758e7210", size = 5666, upload-time = "2024-10-28T21:00:49.415Z" },
]

[[package]]
name = "starlette"
version = "1.3.1"
source = { registry = "https://pypi.org/simple" }
dependencies = [
    { name = "anyio" },
    { name = "typing-extensions" },
]
sdist = { url = "https://files.pythonhosted.org/packages/eb/e3/7c1dc7381d9f8ab7d854328ebfa884e62cb3f3d8549ddfd37c7814f42afa/starlette-1.3.1.tar.gz", hash = "sha256:05d0213193f2fbaae60e2ecb593b4add4262ad4e46536b54abe36f11a71724e0", size = 2703240, upload-time = "2026-06-12T09:23:11.602Z" }
wheels = [
    { url = "https://files.pythonhosted.org/packages/ec/bb/2799cc2ede3ed41131f8975621e7213dfc7ef4acbbaadfa440f32500c370/starlette-1.3.1-py3-none-any.whl", hash = "sha256:c7372aae11c3c3f26a42df7bd626cec2f47d03483d261d369516a615a53714c6", size = 73632, upload-time = "2026-06-12T09:23:10.017Z" },
]

[[package]]
name = "switch-challenge-solver"
version = "1.1.0"
source = { virtual = "." }
dependencies = [
    { name = "shiny" },
    { name = "shiny-sortable" },
]

[package.metadata]
requires-dist = [
    { name = "shiny", specifier = "==1.1.0" },
    { name = "shiny-sortable", specifier = "==0.1.4" },
]

[[package]]
name = "typing-extensions"
version = "4.16.0"
source = { registry = "https://pypi.org/simple" }
sdist = { url = "https://files.pythonhosted.org/packages/f6/cc/6253133b5bb138fc3306cebfbda2c520f545d36b5be2c7255cc528bb45d6/typing_extensions-4.16.0.tar.gz", hash = "sha256:dc983d19a509c94dba722ee6abd33940f7c05a89e243c47e907eb4db6f1a43e5", size = 113555, upload-time = "2026-07-02T08:40:05.92Z" }
wheels = [
    { url = "https://files.pythonhosted.org/packages/49/d3/b8441a820a491ddfc024b0b0cf0393375b75ea13866d9c66727e54c2fc80/typing_extensions-4.16.0-py3-none-any.whl", hash = "sha256:481caa481374e813c1b176ada14e97f1f67a4539ce9cfeb3f350d78d6370c2e8", size = 45571, upload-time = "2026-07-02T08:40:04.659Z" },
]

[[package]]
name = "uc-micro-py"
version = "2.0.0"
source = { registry = "https://pypi.org/simple" }
sdist = { url = "https://files.pythonhosted.org/packages/78/67/9a363818028526e2d4579334460df777115bdec1bb77c08f9db88f6389f2/uc_micro_py-2.0.0.tar.gz", hash = "sha256:c53691e495c8db60e16ffc4861a35469b0ba0821fe409a8a7a0a71864d33a811", size = 6611, upload-time = "2026-03-01T06:31:27.526Z" }
wheels = [
    { url = "https://files.pythonhosted.org/packages/61/73/d21edf5b204d1467e06500080a50f79d49ef2b997c79123a536d4a17d97c/uc_micro_py-2.0.0-py3-none-any.whl", hash = "sha256:3603a3859af53e5a39bc7677713c78ea6589ff188d70f4fee165db88e22b242c", size = 6383, upload-time = "2026-03-01T06:31:26.257Z" },
]

[[package]]
name = "uvicorn"
version = "0.52.0"
source = { registry = "https://pypi.org/simple" }
dependencies = [
    { name = "click", marker = "sys_platform != 'emscripten'" },
    { name = "h11", marker = "sys_platform != 'emscripten'" },
]
sdist = { url = "https://files.pythonhosted.org/packages/05/c8/2d307868453a4bca6e64fa3581d122ae0748a0869c53f159339def179c7c/uvicorn-0.52.0.tar.gz", hash = "sha256:ca8876ad6c1983f394157c168b39d52f6dd56dabf5602fa0982751cffc2293ae", size = 97504, upload-time = "2026-07-29T08:45:34.065Z" }
wheels = [
    { url = "https://files.pythonhosted.org/packages/39/e6/b5c0630ace9757232aec07112be8146b812787db52141ff9d50674aa7634/uvicorn-0.52.0-py3-none-any.whl", hash = "sha256:3d887809810b89ed33501bcf0a9aba469b06ecd608158efce04bd6b48d8c9b08", size = 79058, upload-time = "2026-07-29T08:45:32.492Z" },
]

[[package]]
name = "watchfiles"
version = "1.2.0"
source = { registry = "https://pypi.org/simple" }
dependencies = [
    { name = "anyio", marker = "sys_platform != 'emscripten'" },
]
sdist = { url = "https://files.pythonhosted.org/packages/cd/41/5e1a4bb12aac5f1493fa1bdc11154eca3b258ca4eba65d39c473fe19d8e9/watchfiles-1.2.0.tar.gz", hash = "sha256:c995fba777f1ea992f090f9236e9284cf7a5d1a0130dd5a3d82c598cacd76838", size = 108252, upload-time = "2026-05-18T04:32:04.251Z" }
wheels = [
    { url = "https://files.pythonhosted.org/packages/b8/2f/e42c992d2afda3108ea1c02acecc991b9f31d05c14adc2a7cee9ee211fc4/watchfiles-1.2.0-cp312-cp312-macosx_10_12_x86_64.whl", hash = "sha256:bc13eb17538be00c874699dc0abe4ee2bc8d50bb1166a6b9e175ef3fd7eb8f26", size = 400115, upload-time = "2026-05-18T04:32:02.06Z" },
    { url = "https://files.pythonhosted.org/packages/5f/8f/6af2ea19065c91d8b0ea3516fdfc8c0d349f407e8e9fbf4e5a17360de8ad/watchfiles-1.2.0-cp312-cp312-macosx_11_0_arm64.whl", hash = "sha256:2d95ddc1eb6914154253d239089900813f6a767e174b8e6a50e7fdacb7e4236c", size = 393659, upload-time = "2026-05-18T04:30:50.951Z" },
    { url = "https://files.pythonhosted.org/packages/13/01/b32a967c56fb3e3e5be3db52c3d3b87fa4513aa367d8ed1ad96d42952e5f/watchfiles-1.2.0-cp312-cp312-manylinux_2_17_aarch64.manylinux2014_aarch64.whl", hash = "sha256:8f70d8b291ef6e88d19b1f297a6905ddb978888d9272b0d05e6f53309856bcfc", size = 453207, upload-time = "2026-05-18T04:31:04.231Z" },
    { url = "https://files.pythonhosted.org/packages/04/98/97557a812180338cb1abd32e1cffcc4588f59b5f23e0cb006b2ba95ba64a/watchfiles-1.2.0-cp312-cp312-manylinux_2_17_armv7l.manylinux2014_armv7l.whl", hash = "sha256:56d8641cf834c2836922899105bd3ce3d0dfc69291d52edf0b4d0436829b34c0", size = 459273, upload-time = "2026-05-18T04:31:50.377Z" },
    { url = "https://files.pythonhosted.org/packages/e8/a8/b4b08dcb7653b8087c6586f7ce649505900e866bbcfe40dc9587af02e686/watchfiles-1.2.0-cp312-cp312-manylinux_2_17_i686.manylinux2014_i686.whl", hash = "sha256:2581a94056e55d7d0a31a823ea92bf73749c489ca2285bfdc0fbe6b2bb49d50c", size = 489927, upload-time = "2026-05-18T04:31:42.485Z" },
    { url = "https://files.pythonhosted.org/packages/50/94/3dceea03545d2e5ddfd839f0ddd5e1cecbf1697b5a428d5ba11cef6af95d/watchfiles-1.2.0-cp312-cp312-manylinux_2_17_ppc64le.manylinux2014_ppc64le.whl", hash = "sha256:41bc1199f7523b3f82843c88cbb979180c949caef0342cf90968f178e5d49b01", size = 570476, upload-time = "2026-05-18T04:31:03.071Z" },
    { url = "https://files.pythonhosted.org/packages/cc/f2/d39a5450c3532092b91f81d274360e613c2371bc874a89c7a1a3c5e8d138/watchfiles-1.2.0-cp312-cp312-manylinux_2_17_s390x.manylinux2014_s390x.whl", hash = "sha256:7571e4464cb6e434958f867f7f730b8ab0b75e3f8e5eac0499168486ab3c33a8", size = 465650, upload-time = "2026-05-18T04:30:12.701Z" },
    { url = "https://files.pythonhosted.org/packages/22/24/ed72f68cbc1333ca9b9f2200aa048bb6658ae41709bc1caad4310f4bdffd/watchfiles-1.2.0-cp312-cp312-manylinux_2_17_x86_64.manylinux2014_x86_64.whl", hash = "sha256:e53a384f76b631c3ae5334ce6a52f0baa3a911eb94a4eac7f160079868b716d5", size = 456398, upload-time = "2026-05-18T04:30:13.784Z" },
    { url = "https://files.pythonhosted.org/packages/0d/64/982ef4a4e5bab5b6e5b6becc8cd5e732f6130a78b855f0abec6439a9a135/watchfiles-1.2.0-cp312-cp312-manylinux_2_31_riscv64.whl", hash = "sha256:d20029a60a71a052a24c4db7673bc4de39ab89adbaccbfb5d67987c5d73f424d", size = 465140, upload-time = "2026-05-18T04:31:52.111Z" },
    { url = "https://files.pythonhosted.org/packages/a0/0c/95282abf4ed680b6096010bcfc30c5fa7a041fc5aa5a2ad17a2cc6c75bba/watchfiles-1.2.0-cp312-cp312-musllinux_1_1_aarch64.whl", hash = "sha256:2cb93af48550faf1cea04c303107c8b75833de7013e57ce27d3b8d21d8d0f58c", size = 630259, upload-time = "2026-05-18T04:31:25.676Z" },
    { url = "https://files.pythonhosted.org/packages/30/45/607c1de1530c4bdcf2cf1d1ecc2505ddba5d96bd43ba9f2b0e79876f850f/watchfiles-1.2.0-cp312-cp312-musllinux_1_1_x86_64.whl", hash = "sha256:2995c176de7692b86a2e4c58d9ec718f753150a979cb4a754e2b4ffa38e70906", size = 659859, upload-time = "2026-05-18T04:30:24.333Z" },
    { url = "https://files.pythonhosted.org/packages/fa/08/d9e2e0f9e8e6791d33aefc694ad7eefa7f901f63caff84a81ded38692f9c/watchfiles-1.2.0-cp312-cp312-win32.whl", hash = "sha256:7a2cffd17d27d2ecbb310c2b1d8174f222a5495b1a721894afa88ec11e25b898", size = 275480, upload-time = "2026-05-18T04:30:31.307Z" },
    { url = "https://files.pythonhosted.org/packages/1c/e6/9d42569c0102645cc8cea5d8c7d8a1e9d4ada2cb7f05f75e554b8aa2202a/watchfiles-1.2.0-cp312-cp312-win_amd64.whl", hash = "sha256:f155b3a1b2a5fc89cdc70d47ee5d54e3b75e88efa34982028a35daef9ba00379", size = 288718, upload-time = "2026-05-18T04:32:10.745Z" },
    { url = "https://files.pythonhosted.org/packages/0a/26/88e0dc6ee3898169d7fa22bb6a69cabf2502d2ee25cb8c876d1262d204f8/watchfiles-1.2.0-cp312-cp312-win_arm64.whl", hash = "sha256:8fa585ede612ee9f9e91b18bebf9ba11b9ae29a4e3a0d0cf6fca3e382133f0d5", size = 281026, upload-time = "2026-05-18T04:30:22.23Z" },
]

[[package]]
name = "wcwidth"
version = "0.8.2"
source = { registry = "https://pypi.org/simple" }
sdist = { url = "https://files.pythonhosted.org/packages/34/74/c6428f875774288bec1396f5bfcbc2d925700a4dad61727fd5f2b12f249d/wcwidth-0.8.2.tar.gz", hash = "sha256:91fbef97204b96a3d4d421609b80340b760cf33e26da123ff243d76b1fda8dda", size = 1466253, upload-time = "2026-06-29T18:11:11.601Z" }
wheels = [
    { url = "https://files.pythonhosted.org/packages/96/42/3e5985a0a7e57de470b320c6d6a1a67c844f6737a587f3d44dd13d1819e7/wcwidth-0.8.2-py3-none-any.whl", hash = "sha256:d63947694a0539a1d51e01eda7caf800c291020e6cdd7e28ad7b14dd33ad4f85", size = 323166, upload-time = "2026-06-29T18:11:09.888Z" },
]

[[package]]
name = "websockets"
version = "17.0"
source = { registry = "https://pypi.org/simple" }
sdist = { url = "https://files.pythonhosted.org/packages/da/ea/c0f7924f7ccf005d6ad1f829971762ae751727497d6db1977ba5a635314f/websockets-17.0.tar.gz", hash = "sha256:6bbe83c4ef52a7533d2d8c6a3512b93722fd0db6bc6bc638d45edd49ef201444", size = 183456, upload-time = "2026-07-29T18:07:16.726Z" }
wheels = [
    { url = "https://files.pythonhosted.org/packages/b6/e3/e4f27930a556ea4039487415ed7100ce96d607b29dfc65ac309168695ba4/websockets-17.0-cp312-cp312-macosx_10_13_universal2.whl", hash = "sha256:6312d9926196483550c0ad83459595dd02dd816fa0523ec91dac5601b35de2da", size = 212744, upload-time = "2026-07-29T18:04:54.041Z" },
    { url = "https://files.pythonhosted.org/packages/e6/14/2bcbc1805f1b42b94fa6fc81e7a0d1ffc1029d938cf9ce4b8e3a48875116/websockets-17.0-cp312-cp312-macosx_10_13_x86_64.whl", hash = "sha256:12a21ef5e185f9e0c1c9ad23649aca411b04e49e030287f0a47b889d9e1724a9", size = 210425, upload-time = "2026-07-29T18:04:55.613Z" },
    { url = "https://files.pythonhosted.org/packages/b2/9d/a88e66b7b8581f433b990f20738045093bfc15dd3b8b939980daf793121d/websockets-17.0-cp312-cp312-macosx_11_0_arm64.whl", hash = "sha256:e219be64a9dff86d33b3314ecc6c42289a2d8a447821931012f874b2cc3c70a9", size = 210692, upload-time = "2026-07-29T18:04:56.944Z" },
    { url = "https://files.pythonhosted.org/packages/e3/8e/f8565de07cb99b9e9f21a6932ce87d28cd65e06bf8b9e6cfc795d7fb12ea/websockets-17.0-cp312-cp312-manylinux1_i686.manylinux_2_28_i686.manylinux_2_5_i686.whl", hash = "sha256:98e4882f2f37b4efa7e1c41eb97db1e86384b6252135ab8f5794656cb3bec1ae", size = 220018, upload-time = "2026-07-29T18:04:58.304Z" },
    { url = "https://files.pythonhosted.org/packages/be/7c/883fddde356c9366bbb1abc9a16d02e20515aadb89de3364c5dd7b9cc360/websockets-17.0-cp312-cp312-manylinux1_x86_64.manylinux_2_28_x86_64.manylinux_2_5_x86_64.whl", hash = "sha256:abfa93514d5d7fe50988c4b6092585da0e9a737c1063530cf62fecfe93f7acf0", size = 220295, upload-time = "2026-07-29T18:04:59.958Z" },
    { url = "https://files.pythonhosted.org/packages/9a/18/2b2c71d158206b759e79a2e606ad057a3e3f01e05353a676081417ea9bc2/websockets-17.0-cp312-cp312-manylinux2014_aarch64.manylinux_2_17_aarch64.manylinux_2_28_aarch64.whl", hash = "sha256:aacbf208ef605c463e5cc888d26e25b68732baa171990339c1b4e2880f7b60dd", size = 221533, upload-time = "2026-07-29T18:05:01.734Z" },
    { url = "https://files.pythonhosted.org/packages/96/23/d58c3f516dcfed9d98804fa25c679958df32286bfabd6029dabeec5f1ce7/websockets-17.0-cp312-cp312-manylinux2014_armv7l.manylinux_2_17_armv7l.manylinux_2_31_armv7l.whl", hash = "sha256:fdea04f18e814a15ef115356392624f8a694f29bb6b8ed65828a6d53eeb96654", size = 224312, upload-time = "2026-07-29T18:05:03.166Z" },
    { url = "https://files.pythonhosted.org/packages/77/49/33946a85a09638f046c2db6506fe53aee35f71fcef9347d343ce668c9cb5/websockets-17.0-cp312-cp312-manylinux2014_ppc64le.manylinux_2_17_ppc64le.manylinux_2_28_ppc64le.whl", hash = "sha256:d7c3b3c1fda46b2d40d57503278755f3ad47f09eec57c4f6145cd80f1c8beecf", size = 222169, upload-time = "2026-07-29T18:05:04.635Z" },
    { url = "https://files.pythonhosted.org/packages/61/e3/e2441326cd2132b4861ff1a0b03671dedacdca6e7996e913137ec1b4ad26/websockets-17.0-cp312-cp312-manylinux2014_s390x.manylinux_2_17_s390x.manylinux_2_28_s390x.whl", hash = "sha256:da8b74ac47a129bcb82f40aab234ead2d31ed20566e6e75d1929ac4d61f22a55", size = 220924, upload-time = "2026-07-29T18:05:06.252Z" },
    { url = "https://files.pythonhosted.org/packages/f5/ee/ae47d5aace0b71c7e038d00f1651086cd32fa44190f179182c58a6c5b795/websockets-17.0-cp312-cp312-manylinux_2_31_riscv64.manylinux_2_39_riscv64.whl", hash = "sha256:6e43040c1f6b0e0fced4a3020693f32914e4d57605be63da30c197bfa118c6d7", size = 218171, upload-time = "2026-07-29T18:05:07.655Z" },
    { url = "https://files.pythonhosted.org/packages/6a/99/2872777a8d96c4bc546bc79a22acd7db57aa2acddcbd3527c83515c7d789/websockets-17.0-cp312-cp312-musllinux_1_2_aarch64.whl", hash = "sha256:d8ddfc7ae598004778e8e092580aafec16ae9f8f16ebf0c178bb76292db6e8dd", size = 220970, upload-time = "2026-07-29T18:05:09.071Z" },
    { url = "https://files.pythonhosted.org/packages/d8/8e/64472cc08da2e6ed2ee40c372abfe090e7d368965aa861dc32382aba051d/websockets-17.0-cp312-cp312-musllinux_1_2_armv7l.whl", hash = "sha256:180837e1f4f82fb4779fe4561d246a55028d01f7f41c4a00b24117804d382f14", size = 219572, upload-time = "2026-07-29T18:05:10.548Z" },
    { url = "https://files.pythonhosted.org/packages/a9/df/61c12777165b02a578e4a0055ccbcb48bad92f3ae4373b2bb449a28ceebf/websockets-17.0-cp312-cp312-musllinux_1_2_i686.whl", hash = "sha256:4736675b7079a09b04558f1e5613dacb71165ff9868b7dd01c2488159ca5c089", size = 220342, upload-time = "2026-07-29T18:05:12.006Z" },
    { url = "https://files.pythonhosted.org/packages/58/bc/e6e60c01b6100ac9f9a1afd3391a5f3e0c72eee536429d001c4be3af7004/websockets-17.0-cp312-cp312-musllinux_1_2_ppc64le.whl", hash = "sha256:1922e2124f7eb7ca7ba203973a0b8b3f598447efe6937feaf63fbb1775341eb8", size = 221450, upload-time = "2026-07-29T18:05:13.436Z" },
    { url = "https://files.pythonhosted.org/packages/ac/d3/64cb3002bbb6ee592591f668a2c802deccc183fbf5a41071145bdb133d57/websockets-17.0-cp312-cp312-musllinux_1_2_riscv64.whl", hash = "sha256:a3cfb0ea471e325b596e9259d2f35f3040ecd1896e2d608649f25748929febc0", size = 219002, upload-time = "2026-07-29T18:05:14.894Z" },
    { url = "https://files.pythonhosted.org/packages/55/08/0877015b5b252d83c7f441023e11293fd0d0be9dc05c792c5f91712c8eec/websockets-17.0-cp312-cp312-musllinux_1_2_s390x.whl", hash = "sha256:1a44cbbf2ab144f1ce5268c1dc4a541e9ed0cd35a892d38a9a52e3d01456cbf7", size = 219983, upload-time = "2026-07-29T18:05:16.539Z" },
    { url = "https://files.pythonhosted.org/packages/57/f8/271327f8fa4c07326ba9c79c9daea81e4c043029c6df48bbddfb0bf46649/websockets-17.0-cp312-cp312-musllinux_1_2_x86_64.whl", hash = "sha256:3c59f7a03967dcdb490098a7e684b1e691f8032835f8176d9cb3cbc654773381", size = 220259, upload-time = "2026-07-29T18:05:18.217Z" },
    { url = "https://files.pythonhosted.org/packages/3f/8b/31e77872bc730124acd9e0af977667b9805c4450519e9bd220e4450f4749/websockets-17.0-cp312-cp312-win32.whl", hash = "sha256:67e3de3a5abbea437cd73505a2220a3fa37b3e38b68c7dd410de6fadb9492dc5", size = 213205, upload-time = "2026-07-29T18:05:19.575Z" },
    { url = "https://files.pythonhosted.org/packages/67/d0/5a5706da118fe90038a529ca43557092c1f5665876b00570d777bd19cfff/websockets-17.0-cp312-cp312-win_amd64.whl", hash = "sha256:5f7cef3e552397fc4313b1caf4fe1fabf53dfde4e4153aa1a74d73b5a246794b", size = 213502, upload-time = "2026-07-29T18:05:21.023Z" },
    { url = "https://files.pythonhosted.org/packages/c7/d9/fd6d3c80f548dbae84687f9c50b26407707e63d624ba2edc6736c0aa68fc/websockets-17.0-cp312-cp312-win_arm64.whl", hash = "sha256:499e8536471f07de659bc3f003f1fcef60da953de8ffc26d01253828f6b0a003", size = 213430, upload-time = "2026-07-29T18:05:22.369Z" },
    { url = "https://files.pythonhosted.org/packages/9d/b4/9b5bd8ad82a7ace4e4a497aed083b6a9bf9076b1ea1a0bf5831686b4af71/websockets-17.0-py3-none-any.whl", hash = "sha256:0c24d62cafaca7dc1631e9f3bf0672fa83f010e66a2aeff4d00727b18addcd8e", size = 206871, upload-time = "2026-07-29T18:07:15.156Z" },
]
